
Microsoft Visual Studio Solution File, Format Version 12.00
# Visual Studio Version 17
VisualStudioVersion = 17.7.34024.191
MinimumVisualStudioVersion = 10.0.40219.1
Project("{FAE04EC0-301F-11D3-BF4B-00C04F79EFBC}") = "KmitlTelemedicineServer", "KmitlTelemedicineServer\KmitlTelemedicineServer.csproj", "{40A447E4-0531-4BBF-860E-7F8E9B5E6CF6}"
EndProject
Project("{E53339B2-1760-4266-BCC7-CA923CBCF16C}") = "docker-compose", "docker-compose.dcproj", "{C84D78F7-0E5F-4E6F-BDF9-69913B0E44D0}"
EndProject
Project("{2150E333-8FDC-42A3-9474-1A3956D46DE8}") = "nginx", "nginx", "{B2A7E5EA-CBD4-4CD7-BAD9-B84E085AE8B4}"
EndProject
Project("{2150E333-8FDC-42A3-9474-1A3956D46DE8}") = "templates", "templates", "{465F7BAF-9E77-4C61-B768-C2842FD6C619}"
	ProjectSection(SolutionItems) = preProject
		nginx\templates\default.conf.template = nginx\templates\default.conf.template
	EndProjectSection
EndProject
Global
	GlobalSection(SolutionConfigurationPlatforms) = preSolution
		Debug|Any CPU = Debug|Any CPU
		Release|Any CPU = Release|Any CPU
	EndGlobalSection
	GlobalSection(ProjectConfigurationPlatforms) = postSolution
		{40A447E4-0531-4BBF-860E-7F8E9B5E6CF6}.Debug|Any CPU.ActiveCfg = Debug|Any CPU
		{40A447E4-0531-4BBF-860E-7F8E9B5E6CF6}.Debug|Any CPU.Build.0 = Debug|Any CPU
		{40A447E4-0531-4BBF-860E-7F8E9B5E6CF6}.Release|Any CPU.ActiveCfg = Release|Any CPU
		{40A447E4-0531-4BBF-860E-7F8E9B5E6CF6}.Release|Any CPU.Build.0 = Release|Any CPU
		{C84D78F7-0E5F-4E6F-BDF9-69913B0E44D0}.Debug|Any CPU.ActiveCfg = Debug|Any CPU
		{C84D78F7-0E5F-4E6F-BDF9-69913B0E44D0}.Debug|Any CPU.Build.0 = Debug|Any CPU
		{C84D78F7-0E5F-4E6F-BDF9-69913B0E44D0}.Release|Any CPU.ActiveCfg = Release|Any CPU
		{C84D78F7-0E5F-4E6F-BDF9-69913B0E44D0}.Release|Any CPU.Build.0 = Release|Any CPU
	EndGlobalSection
	GlobalSection(SolutionProperties) = preSolution
		HideSolutionNode = FALSE
	EndGlobalSection
	GlobalSection(NestedProjects) = preSolution
		{465F7BAF-9E77-4C61-B768-C2842FD6C619} = {B2A7E5EA-CBD4-4CD7-BAD9-B84E085AE8B4}
	EndGlobalSection
	GlobalSection(ExtensibilityGlobals) = postSolution
		SolutionGuid = {9FA081CB-3491-4C00-8BAB-398F81A2975D}
	EndGlobalSection
EndGlobal
